
Microsoft Visual Studio Solution File, Format Version 12.00
# Visual Studio 15
VisualStudioVersion = 15.0.28307.852
MinimumVisualStudioVersion = 10.0.40219.1
Project("{FAE04EC0-301F-11D3-BF4B-00C04F79EFBC}") = "UI", "UI\UI.csproj", "{10BC7B3F-6BA2-40DD-B410-9B55073BA7DE}"
EndProject
Global
	GlobalSection(SolutionConfigurationPlatforms) = preSolution
		Debug|Any CPU = Debug|Any CPU
		Release|Any CPU = Release|Any CPU
	EndGlobalSection
	GlobalSection(ProjectConfigurationPlatforms) = postSolution
		{10BC7B3F-6BA2-40DD-B410-9B55073BA7DE}.Debug|Any CPU.ActiveCfg = Debug|Any CPU
		{10BC7B3F-6BA2-40DD-B410-9B55073BA7DE}.Debug|Any CPU.Build.0 = Debug|Any CPU
		{10BC7B3F-6BA2-40DD-B410-9B55073BA7DE}.Release|Any CPU.ActiveCfg = Release|Any CPU
		{10BC7B3F-6BA2-40DD-B410-9B55073BA7DE}.Release|Any CPU.Build.0 = Release|Any CPU
	EndGlobalSection
	GlobalSection(SolutionProperties) = preSolution
		HideSolutionNode = FALSE
	EndGlobalSection
	GlobalSection(ExtensibilityGlobals) = postSolution
		SolutionGuid = {C0E11D46-55DE-4251-94A6-51765C5C2BB4}
	EndGlobalSection
EndGlobal
